{
  "name": "maptest",
  "lockfileVersion": 2,
  "requires": true,
  "packages": {
    "": {
      "dependencies": {
        "three-event": "^1.0.2"
      }
    },
    "node_modules/three": {
      "version": "0.141.0",
      "resolved": "https://registry.npmjs.org/three/-/three-0.141.0.tgz",
      "integrity": "sha512-JaSDAPWuk4RTzG5BYRQm8YZbERUxTfTDVouWgHMisS2to4E5fotMS9F2zPFNOIJyEFTTQDDKPpsgZVThKU3pXA==",
      "peer": true
    },
    "node_modules/three-event": {
      "version": "1.0.2",
      "resolved": "https://registry.npmjs.org/three-event/-/three-event-1.0.2.tgz",
      "integrity": "sha512-uehx62I/H1LdiHHbhMQZNp6E8OLSEUkKvYIecwIgokjIh8XqRkqv1izgYYHpTvjLpaMDHpJ9bEXY8diPza0OvQ==",
      "peerDependencies": {
        "three": ">=0.135.0"
      }
    }
  },
  "dependencies": {
    "three": {
      "version": "0.141.0",
      "resolved": "https://registry.npmjs.org/three/-/three-0.141.0.tgz",
      "integrity": "sha512-JaSDAPWuk4RTzG5BYRQm8YZbERUxTfTDVouWgHMisS2to4E5fotMS9F2zPFNOIJyEFTTQDDKPpsgZVThKU3pXA==",
      "peer": true
    },
    "three-event": {
      "version": "1.0.2",
      "resolved": "https://registry.npmjs.org/three-event/-/three-event-1.0.2.tgz",
      "integrity": "sha512-uehx62I/H1LdiHHbhMQZNp6E8OLSEUkKvYIecwIgokjIh8XqRkqv1izgYYHpTvjLpaMDHpJ9bEXY8diPza0OvQ==",
      "requires": {}
    }
  }
}
